
Microsoft Visual Studio Solution File, Format Version 12.00
# Visual Studio 2012
Project("{2150E333-8FDC-42A3-9474-1A3956D46DE8}") = "DM_WebApi", "DM_WebApi", "{07EF019E-0344-4C0A-B7CF-A11E23385A3F}"
EndProject
Project("{2150E333-8FDC-42A3-9474-1A3956D46DE8}") = "DM_OfficeDocHandle", "DM_OfficeDocHandle", "{03E82ACE-5853-4815-BCE4-73AD098EA77E}"
EndProject
Project("{FAE04EC0-301F-11D3-BF4B-00C04F79EFBC}") = "HandleByOffice.COM.Web", "HandleByOffice.COM.Web\HandleByOffice.COM.Web.csproj", "{1F760627-C607-476D-89AE-993A1A3AB820}"
EndProject
Project("{FAE04EC0-301F-11D3-BF4B-00C04F79EFBC}") = "HandleByOffice.COM.Console", "HandleByOffice.COM.Console\HandleByOffice.COM.Console.csproj", "{D1EF6F31-8D9E-4DE4-AD9C-2B7F7CFE3107}"
EndProject
Project("{FAE04EC0-301F-11D3-BF4B-00C04F79EFBC}") = "HandleByAspose.Console", "HandleByAspose.Console\HandleByAspose.Console.csproj", "{412CFD81-8778-4448-9201-D9F1E613C791}"
EndProject
Project("{2150E333-8FDC-42A3-9474-1A3956D46DE8}") = "DM_FlexPaper", "DM_FlexPaper", "{E54AE4D1-2227-4FE6-890A-434E4880B179}"
EndProject
Project("{FAE04EC0-301F-11D3-BF4B-00C04F79EFBC}") = "FlexPaper.Annotations.Trial", "FlexPaper.Annotations.Trial\FlexPaper.Annotations.Trial.csproj", "{EACE5678-62B4-4AA2-8BD0-E337B546C267}"
EndProject
Project("{FAE04EC0-301F-11D3-BF4B-00C04F79EFBC}") = "FlexPaper.AspNet", "FlexPaper.AspNet\FlexPaper.AspNet.csproj", "{3D4B01EF-4E5B-47FF-9D35-6A7662519B05}"
EndProject
Project("{2150E333-8FDC-42A3-9474-1A3956D46DE8}") = "DM_GeneralTools", "DM_GeneralTools", "{0AE5B598-1BA7-4A0D-B6C7-B9AAA96739BF}"
EndProject
Project("{FAE04EC0-301F-11D3-BF4B-00C04F79EFBC}") = "jQueryApi1.10.3_20130911", "jQueryApi1.10.3_20130911\jQueryApi1.10.3_20130911.csproj", "{3B37D15C-9878-4856-932F-1BBD4E3A8B29}"
EndProject
Project("{FAE04EC0-301F-11D3-BF4B-00C04F79EFBC}") = "WebApi.Host.WindowsService", "WebApi.Host.WindowsService\WebApi.Host.WindowsService.csproj", "{870C5EBF-75AE-4E68-9E9C-C73367ADC424}"
EndProject
Project("{FAE04EC0-301F-11D3-BF4B-00C04F79EFBC}") = "WebApi.Host.Console", "WebApi.Host.Console\WebApi.Host.Console.csproj", "{FD22444F-EB64-486F-9B77-FFB06F466CEB}"
EndProject
Project("{FAE04EC0-301F-11D3-BF4B-00C04F79EFBC}") = "WebApi.ClientTest.App", "WebApi.ClientTest.App\WebApi.ClientTest.App.csproj", "{C355566D-016F-4023-A0B4-0594B2C53788}"
EndProject
Project("{FAE04EC0-301F-11D3-BF4B-00C04F79EFBC}") = "DMStart", "DMStart\DMStart.csproj", "{CB2E977D-E7E1-4C69-89DF-DBB881F3F55C}"
EndProject
Project("{FAE04EC0-301F-11D3-BF4B-00C04F79EFBC}") = "WebApi.Host.IIS.MvcApplication", "WebApi.Host.IIS.MvcApplication\WebApi.Host.IIS.MvcApplication.csproj", "{611D60DA-F058-420C-825C-BC3C31109FA9}"
EndProject
Project("{2150E333-8FDC-42A3-9474-1A3956D46DE8}") = "DM_WCF", "DM_WCF", "{13CD90DE-BD51-4AFF-99D2-B5AF1A0A0C70}"
EndProject
Project("{FAE04EC0-301F-11D3-BF4B-00C04F79EFBC}") = "WCFService.Host.Console", "WCFService.Host.Console\WCFService.Host.Console.csproj", "{52951B47-D0C0-45FD-A579-B83CBBCB6CAC}"
EndProject
Project("{FAE04EC0-301F-11D3-BF4B-00C04F79EFBC}") = "WCF.ClientTestApp.UseGenerateConfig", "WCF.ClientTestApp.UseGenerateConfig\WCF.ClientTestApp.UseGenerateConfig.csproj", "{282D8A27-7F51-40E2-8433-5AF853F783ED}"
EndProject
Project("{FAE04EC0-301F-11D3-BF4B-00C04F79EFBC}") = "WCF.ClientTestApp.UseServiceReferences", "WCF.ClientTestApp.UseServiceReferences\WCF.ClientTestApp.UseServiceReferences.csproj", "{4110016A-4067-4C8D-A37A-5A96C24195C3}"
EndProject
Project("{FAE04EC0-301F-11D3-BF4B-00C04F79EFBC}") = "DM.Common.libs", "DM.Common.libs\DM.Common.libs.csproj", "{66B3392F-FF65-4CAC-AEBE-77EE7C02335A}"
EndProject
Project("{2150E333-8FDC-42A3-9474-1A3956D46DE8}") = "DM_GeneralTester", "DM_GeneralTester", "{EB476C97-1267-4414-8E30-2A5CD56BA6D3}"
EndProject
Project("{FAE04EC0-301F-11D3-BF4B-00C04F79EFBC}") = "ConsoleTester", "ConsoleTester\ConsoleTester.csproj", "{F7299743-EC98-446C-A87A-89781F7A2B96}"
EndProject
Project("{2150E333-8FDC-42A3-9474-1A3956D46DE8}") = "DM_WxWebApi", "DM_WxWebApi", "{C8F661D4-29EA-4EDE-8F89-D9DD3E305414}"
EndProject
Project("{FAE04EC0-301F-11D3-BF4B-00C04F79EFBC}") = "Common", "Common\Common.csproj", "{B8DADF15-D306-4FE0-BDDA-9DA023E20F1C}"
EndProject
Project("{FAE04EC0-301F-11D3-BF4B-00C04F79EFBC}") = "WebApi", "WebApi\WebApi.csproj", "{DADD7B34-F614-4A55-B875-73BD81B581C3}"
EndProject
Project("{FAE04EC0-301F-11D3-BF4B-00C04F79EFBC}") = "WebHost", "WebHost\WebHost.csproj", "{5E2EAB53-9141-4756-AAB3-4549633EB9BB}"
EndProject
Project("{FAE04EC0-301F-11D3-BF4B-00C04F79EFBC}") = "SelfHost", "SelfHost\SelfHost.csproj", "{F1142CF3-4EDB-44EF-A0D7-C0B1E9B02A5C}"
EndProject
Project("{FAE04EC0-301F-11D3-BF4B-00C04F79EFBC}") = "WebApp", "WebApp\WebApp.csproj", "{EF3D8A7C-8538-4D19-821D-A343F8EFC1C4}"
EndProject
Project("{FAE04EC0-301F-11D3-BF4B-00C04F79EFBC}") = "ConsoleApp", "ConsoleApp\ConsoleApp.csproj", "{C39B3C19-4F13-415C-BA2C-3C960A39E0D9}"
EndProject
Global
	GlobalSection(SolutionConfigurationPlatforms) = preSolution
		Debug|Any CPU = Debug|Any CPU
		Release|Any CPU = Release|Any CPU
	EndGlobalSection
	GlobalSection(ProjectConfigurationPlatforms) = postSolution
		{1F760627-C607-476D-89AE-993A1A3AB820}.Debug|Any CPU.ActiveCfg = Debug|Any CPU
		{1F760627-C607-476D-89AE-993A1A3AB820}.Debug|Any CPU.Build.0 = Debug|Any CPU
		{1F760627-C607-476D-89AE-993A1A3AB820}.Release|Any CPU.ActiveCfg = Release|Any CPU
		{1F760627-C607-476D-89AE-993A1A3AB820}.Release|Any CPU.Build.0 = Release|Any CPU
		{D1EF6F31-8D9E-4DE4-AD9C-2B7F7CFE3107}.Debug|Any CPU.ActiveCfg = Debug|Any CPU
		{D1EF6F31-8D9E-4DE4-AD9C-2B7F7CFE3107}.Debug|Any CPU.Build.0 = Debug|Any CPU
		{D1EF6F31-8D9E-4DE4-AD9C-2B7F7CFE3107}.Release|Any CPU.ActiveCfg = Release|Any CPU
		{D1EF6F31-8D9E-4DE4-AD9C-2B7F7CFE3107}.Release|Any CPU.Build.0 = Release|Any CPU
		{412CFD81-8778-4448-9201-D9F1E613C791}.Debug|Any CPU.ActiveCfg = Debug|Any CPU
		{412CFD81-8778-4448-9201-D9F1E613C791}.Debug|Any CPU.Build.0 = Debug|Any CPU
		{412CFD81-8778-4448-9201-D9F1E613C791}.Release|Any CPU.ActiveCfg = Release|Any CPU
		{412CFD81-8778-4448-9201-D9F1E613C791}.Release|Any CPU.Build.0 = Release|Any CPU
		{EACE5678-62B4-4AA2-8BD0-E337B546C267}.Debug|Any CPU.ActiveCfg = Debug|Any CPU
		{EACE5678-62B4-4AA2-8BD0-E337B546C267}.Debug|Any CPU.Build.0 = Debug|Any CPU
		{EACE5678-62B4-4AA2-8BD0-E337B546C267}.Release|Any CPU.ActiveCfg = Release|Any CPU
		{EACE5678-62B4-4AA2-8BD0-E337B546C267}.Release|Any CPU.Build.0 = Release|Any CPU
		{3D4B01EF-4E5B-47FF-9D35-6A7662519B05}.Debug|Any CPU.ActiveCfg = Debug|Any CPU
		{3D4B01EF-4E5B-47FF-9D35-6A7662519B05}.Debug|Any CPU.Build.0 = Debug|Any CPU
		{3D4B01EF-4E5B-47FF-9D35-6A7662519B05}.Release|Any CPU.ActiveCfg = Release|Any CPU
		{3D4B01EF-4E5B-47FF-9D35-6A7662519B05}.Release|Any CPU.Build.0 = Release|Any CPU
		{3B37D15C-9878-4856-932F-1BBD4E3A8B29}.Debug|Any CPU.ActiveCfg = Debug|Any CPU
		{3B37D15C-9878-4856-932F-1BBD4E3A8B29}.Debug|Any CPU.Build.0 = Debug|Any CPU
		{3B37D15C-9878-4856-932F-1BBD4E3A8B29}.Release|Any CPU.ActiveCfg = Release|Any CPU
		{3B37D15C-9878-4856-932F-1BBD4E3A8B29}.Release|Any CPU.Build.0 = Release|Any CPU
		{870C5EBF-75AE-4E68-9E9C-C73367ADC424}.Debug|Any CPU.ActiveCfg = Debug|Any CPU
		{870C5EBF-75AE-4E68-9E9C-C73367ADC424}.Debug|Any CPU.Build.0 = Debug|Any CPU
		{870C5EBF-75AE-4E68-9E9C-C73367ADC424}.Release|Any CPU.ActiveCfg = Release|Any CPU
		{870C5EBF-75AE-4E68-9E9C-C73367ADC424}.Release|Any CPU.Build.0 = Release|Any CPU
		{FD22444F-EB64-486F-9B77-FFB06F466CEB}.Debug|Any CPU.ActiveCfg = Debug|Any CPU
		{FD22444F-EB64-486F-9B77-FFB06F466CEB}.Debug|Any CPU.Build.0 = Debug|Any CPU
		{FD22444F-EB64-486F-9B77-FFB06F466CEB}.Release|Any CPU.ActiveCfg = Release|Any CPU
		{FD22444F-EB64-486F-9B77-FFB06F466CEB}.Release|Any CPU.Build.0 = Release|Any CPU
		{C355566D-016F-4023-A0B4-0594B2C53788}.Debug|Any CPU.ActiveCfg = Debug|Any CPU
		{C355566D-016F-4023-A0B4-0594B2C53788}.Debug|Any CPU.Build.0 = Debug|Any CPU
		{C355566D-016F-4023-A0B4-0594B2C53788}.Release|Any CPU.ActiveCfg = Release|Any CPU
		{C355566D-016F-4023-A0B4-0594B2C53788}.Release|Any CPU.Build.0 = Release|Any CPU
		{CB2E977D-E7E1-4C69-89DF-DBB881F3F55C}.Debug|Any CPU.ActiveCfg = Debug|Any CPU
		{CB2E977D-E7E1-4C69-89DF-DBB881F3F55C}.Debug|Any CPU.Build.0 = Debug|Any CPU
		{CB2E977D-E7E1-4C69-89DF-DBB881F3F55C}.Release|Any CPU.ActiveCfg = Release|Any CPU
		{CB2E977D-E7E1-4C69-89DF-DBB881F3F55C}.Release|Any CPU.Build.0 = Release|Any CPU
		{611D60DA-F058-420C-825C-BC3C31109FA9}.Debug|Any CPU.ActiveCfg = Debug|Any CPU
		{611D60DA-F058-420C-825C-BC3C31109FA9}.Debug|Any CPU.Build.0 = Debug|Any CPU
		{611D60DA-F058-420C-825C-BC3C31109FA9}.Release|Any CPU.ActiveCfg = Release|Any CPU
		{611D60DA-F058-420C-825C-BC3C31109FA9}.Release|Any CPU.Build.0 = Release|Any CPU
		{52951B47-D0C0-45FD-A579-B83CBBCB6CAC}.Debug|Any CPU.ActiveCfg = Debug|Any CPU
		{52951B47-D0C0-45FD-A579-B83CBBCB6CAC}.Debug|Any CPU.Build.0 = Debug|Any CPU
		{52951B47-D0C0-45FD-A579-B83CBBCB6CAC}.Release|Any CPU.ActiveCfg = Release|Any CPU
		{52951B47-D0C0-45FD-A579-B83CBBCB6CAC}.Release|Any CPU.Build.0 = Release|Any CPU
		{282D8A27-7F51-40E2-8433-5AF853F783ED}.Debug|Any CPU.ActiveCfg = Debug|Any CPU
		{282D8A27-7F51-40E2-8433-5AF853F783ED}.Debug|Any CPU.Build.0 = Debug|Any CPU
		{282D8A27-7F51-40E2-8433-5AF853F783ED}.Release|Any CPU.ActiveCfg = Release|Any CPU
		{282D8A27-7F51-40E2-8433-5AF853F783ED}.Release|Any CPU.Build.0 = Release|Any CPU
		{4110016A-4067-4C8D-A37A-5A96C24195C3}.Debug|Any CPU.ActiveCfg = Debug|Any CPU
		{4110016A-4067-4C8D-A37A-5A96C24195C3}.Debug|Any CPU.Build.0 = Debug|Any CPU
		{4110016A-4067-4C8D-A37A-5A96C24195C3}.Release|Any CPU.ActiveCfg = Release|Any CPU
		{4110016A-4067-4C8D-A37A-5A96C24195C3}.Release|Any CPU.Build.0 = Release|Any CPU
		{66B3392F-FF65-4CAC-AEBE-77EE7C02335A}.Debug|Any CPU.ActiveCfg = Debug|Any CPU
		{66B3392F-FF65-4CAC-AEBE-77EE7C02335A}.Debug|Any CPU.Build.0 = Debug|Any CPU
		{66B3392F-FF65-4CAC-AEBE-77EE7C02335A}.Release|Any CPU.ActiveCfg = Release|Any CPU
		{66B3392F-FF65-4CAC-AEBE-77EE7C02335A}.Release|Any CPU.Build.0 = Release|Any CPU
		{F7299743-EC98-446C-A87A-89781F7A2B96}.Debug|Any CPU.ActiveCfg = Debug|Any CPU
		{F7299743-EC98-446C-A87A-89781F7A2B96}.Debug|Any CPU.Build.0 = Debug|Any CPU
		{F7299743-EC98-446C-A87A-89781F7A2B96}.Release|Any CPU.ActiveCfg = Release|Any CPU
		{F7299743-EC98-446C-A87A-89781F7A2B96}.Release|Any CPU.Build.0 = Release|Any CPU
		{B8DADF15-D306-4FE0-BDDA-9DA023E20F1C}.Debug|Any CPU.ActiveCfg = Debug|Any CPU
		{B8DADF15-D306-4FE0-BDDA-9DA023E20F1C}.Debug|Any CPU.Build.0 = Debug|Any CPU
		{B8DADF15-D306-4FE0-BDDA-9DA023E20F1C}.Release|Any CPU.ActiveCfg = Release|Any CPU
		{B8DADF15-D306-4FE0-BDDA-9DA023E20F1C}.Release|Any CPU.Build.0 = Release|Any CPU
		{DADD7B34-F614-4A55-B875-73BD81B581C3}.Debug|Any CPU.ActiveCfg = Debug|Any CPU
		{DADD7B34-F614-4A55-B875-73BD81B581C3}.Debug|Any CPU.Build.0 = Debug|Any CPU
		{DADD7B34-F614-4A55-B875-73BD81B581C3}.Release|Any CPU.ActiveCfg = Release|Any CPU
		{DADD7B34-F614-4A55-B875-73BD81B581C3}.Release|Any CPU.Build.0 = Release|Any CPU
		{5E2EAB53-9141-4756-AAB3-4549633EB9BB}.Debug|Any CPU.ActiveCfg = Debug|Any CPU
		{5E2EAB53-9141-4756-AAB3-4549633EB9BB}.Debug|Any CPU.Build.0 = Debug|Any CPU
		{5E2EAB53-9141-4756-AAB3-4549633EB9BB}.Release|Any CPU.ActiveCfg = Release|Any CPU
		{5E2EAB53-9141-4756-AAB3-4549633EB9BB}.Release|Any CPU.Build.0 = Release|Any CPU
		{F1142CF3-4EDB-44EF-A0D7-C0B1E9B02A5C}.Debug|Any CPU.ActiveCfg = Debug|Any CPU
		{F1142CF3-4EDB-44EF-A0D7-C0B1E9B02A5C}.Debug|Any CPU.Build.0 = Debug|Any CPU
		{F1142CF3-4EDB-44EF-A0D7-C0B1E9B02A5C}.Release|Any CPU.ActiveCfg = Release|Any CPU
		{F1142CF3-4EDB-44EF-A0D7-C0B1E9B02A5C}.Release|Any CPU.Build.0 = Release|Any CPU
		{EF3D8A7C-8538-4D19-821D-A343F8EFC1C4}.Debug|Any CPU.ActiveCfg = Debug|Any CPU
		{EF3D8A7C-8538-4D19-821D-A343F8EFC1C4}.Debug|Any CPU.Build.0 = Debug|Any CPU
		{EF3D8A7C-8538-4D19-821D-A343F8EFC1C4}.Release|Any CPU.ActiveCfg = Release|Any CPU
		{EF3D8A7C-8538-4D19-821D-A343F8EFC1C4}.Release|Any CPU.Build.0 = Release|Any CPU
		{C39B3C19-4F13-415C-BA2C-3C960A39E0D9}.Debug|Any CPU.ActiveCfg = Debug|Any CPU
		{C39B3C19-4F13-415C-BA2C-3C960A39E0D9}.Debug|Any CPU.Build.0 = Debug|Any CPU
		{C39B3C19-4F13-415C-BA2C-3C960A39E0D9}.Release|Any CPU.ActiveCfg = Release|Any CPU
		{C39B3C19-4F13-415C-BA2C-3C960A39E0D9}.Release|Any CPU.Build.0 = Release|Any CPU
	EndGlobalSection
	GlobalSection(SolutionProperties) = preSolution
		HideSolutionNode = FALSE
	EndGlobalSection
	GlobalSection(NestedProjects) = preSolution
		{870C5EBF-75AE-4E68-9E9C-C73367ADC424} = {07EF019E-0344-4C0A-B7CF-A11E23385A3F}
		{FD22444F-EB64-486F-9B77-FFB06F466CEB} = {07EF019E-0344-4C0A-B7CF-A11E23385A3F}
		{C355566D-016F-4023-A0B4-0594B2C53788} = {07EF019E-0344-4C0A-B7CF-A11E23385A3F}
		{611D60DA-F058-420C-825C-BC3C31109FA9} = {07EF019E-0344-4C0A-B7CF-A11E23385A3F}
		{1F760627-C607-476D-89AE-993A1A3AB820} = {03E82ACE-5853-4815-BCE4-73AD098EA77E}
		{D1EF6F31-8D9E-4DE4-AD9C-2B7F7CFE3107} = {03E82ACE-5853-4815-BCE4-73AD098EA77E}
		{412CFD81-8778-4448-9201-D9F1E613C791} = {03E82ACE-5853-4815-BCE4-73AD098EA77E}
		{EACE5678-62B4-4AA2-8BD0-E337B546C267} = {E54AE4D1-2227-4FE6-890A-434E4880B179}
		{3D4B01EF-4E5B-47FF-9D35-6A7662519B05} = {E54AE4D1-2227-4FE6-890A-434E4880B179}
		{3B37D15C-9878-4856-932F-1BBD4E3A8B29} = {0AE5B598-1BA7-4A0D-B6C7-B9AAA96739BF}
		{CB2E977D-E7E1-4C69-89DF-DBB881F3F55C} = {0AE5B598-1BA7-4A0D-B6C7-B9AAA96739BF}
		{66B3392F-FF65-4CAC-AEBE-77EE7C02335A} = {0AE5B598-1BA7-4A0D-B6C7-B9AAA96739BF}
		{52951B47-D0C0-45FD-A579-B83CBBCB6CAC} = {13CD90DE-BD51-4AFF-99D2-B5AF1A0A0C70}
		{282D8A27-7F51-40E2-8433-5AF853F783ED} = {13CD90DE-BD51-4AFF-99D2-B5AF1A0A0C70}
		{4110016A-4067-4C8D-A37A-5A96C24195C3} = {13CD90DE-BD51-4AFF-99D2-B5AF1A0A0C70}
		{F7299743-EC98-446C-A87A-89781F7A2B96} = {EB476C97-1267-4414-8E30-2A5CD56BA6D3}
		{B8DADF15-D306-4FE0-BDDA-9DA023E20F1C} = {C8F661D4-29EA-4EDE-8F89-D9DD3E305414}
		{DADD7B34-F614-4A55-B875-73BD81B581C3} = {C8F661D4-29EA-4EDE-8F89-D9DD3E305414}
		{5E2EAB53-9141-4756-AAB3-4549633EB9BB} = {C8F661D4-29EA-4EDE-8F89-D9DD3E305414}
		{F1142CF3-4EDB-44EF-A0D7-C0B1E9B02A5C} = {C8F661D4-29EA-4EDE-8F89-D9DD3E305414}
		{EF3D8A7C-8538-4D19-821D-A343F8EFC1C4} = {C8F661D4-29EA-4EDE-8F89-D9DD3E305414}
		{C39B3C19-4F13-415C-BA2C-3C960A39E0D9} = {C8F661D4-29EA-4EDE-8F89-D9DD3E305414}
	EndGlobalSection
EndGlobal
